
Microsoft Visual Studio Solution File, Format Version 12.00
# Visual Studio 14
VisualStudioVersion = 14.0.25123.0
MinimumVisualStudioVersion = 10.0.40219.1
Project("{2150E333-8FDC-42A3-9474-1A3956D46DE8}") = "src", "src", "{9D4957BD-42BF-4683-829D-2CA26EE69AFC}"
EndProject
Project("{2150E333-8FDC-42A3-9474-1A3956D46DE8}") = "Solution Items", "Solution Items", "{2D213A50-D1E0-4175-AAE5-1627A9451815}"
	ProjectSection(SolutionItems) = preProject
		global.json = global.json
	EndProjectSection
EndProject
Project("{8BB2217D-0F2D-49D1-97BC-3654ED321F3B}") = "Library", "src\Library\Library.xproj", "{CD33D6FB-761C-4E9E-9081-C8730F519D8B}"
EndProject
Project("{8BB2217D-0F2D-49D1-97BC-3654ED321F3B}") = "Library.Domain", "src\Library.Domain\Library.Domain.xproj", "{E6482FC0-9BF5-4E67-89ED-00A4F13B8DBB}"
EndProject
Project("{8BB2217D-0F2D-49D1-97BC-3654ED321F3B}") = "Library.DataProviders", "src\Library.DataProviders\Library.DataProviders.xproj", "{9EAD2AE5-1537-40AA-964E-C8D61DDCC16C}"
EndProject
Global
	GlobalSection(SolutionConfigurationPlatforms) = preSolution
		Debug|Any CPU = Debug|Any CPU
		Release|Any CPU = Release|Any CPU
	EndGlobalSection
	GlobalSection(ProjectConfigurationPlatforms) = postSolution
		{CD33D6FB-761C-4E9E-9081-C8730F519D8B}.Debug|Any CPU.ActiveCfg = Debug|Any CPU
		{CD33D6FB-761C-4E9E-9081-C8730F519D8B}.Debug|Any CPU.Build.0 = Debug|Any CPU
		{CD33D6FB-761C-4E9E-9081-C8730F519D8B}.Release|Any CPU.ActiveCfg = Release|Any CPU
		{CD33D6FB-761C-4E9E-9081-C8730F519D8B}.Release|Any CPU.Build.0 = Release|Any CPU
		{E6482FC0-9BF5-4E67-89ED-00A4F13B8DBB}.Debug|Any CPU.ActiveCfg = Debug|Any CPU
		{E6482FC0-9BF5-4E67-89ED-00A4F13B8DBB}.Debug|Any CPU.Build.0 = Debug|Any CPU
		{E6482FC0-9BF5-4E67-89ED-00A4F13B8DBB}.Release|Any CPU.ActiveCfg = Release|Any CPU
		{E6482FC0-9BF5-4E67-89ED-00A4F13B8DBB}.Release|Any CPU.Build.0 = Release|Any CPU
		{9EAD2AE5-1537-40AA-964E-C8D61DDCC16C}.Debug|Any CPU.ActiveCfg = Debug|Any CPU
		{9EAD2AE5-1537-40AA-964E-C8D61DDCC16C}.Debug|Any CPU.Build.0 = Debug|Any CPU
		{9EAD2AE5-1537-40AA-964E-C8D61DDCC16C}.Release|Any CPU.ActiveCfg = Release|Any CPU
		{9EAD2AE5-1537-40AA-964E-C8D61DDCC16C}.Release|Any CPU.Build.0 = Release|Any CPU
	EndGlobalSection
	GlobalSection(SolutionProperties) = preSolution
		HideSolutionNode = FALSE
	EndGlobalSection
	GlobalSection(NestedProjects) = preSolution
		{CD33D6FB-761C-4E9E-9081-C8730F519D8B} = {9D4957BD-42BF-4683-829D-2CA26EE69AFC}
		{E6482FC0-9BF5-4E67-89ED-00A4F13B8DBB} = {9D4957BD-42BF-4683-829D-2CA26EE69AFC}
		{9EAD2AE5-1537-40AA-964E-C8D61DDCC16C} = {9D4957BD-42BF-4683-829D-2CA26EE69AFC}
	EndGlobalSection
EndGlobal
