
Microsoft Visual Studio Solution File, Format Version 12.00
# Visual Studio 14
VisualStudioVersion = 14.0.25123.0
MinimumVisualStudioVersion = 10.0.40219.1
Project("{FAE04EC0-301F-11D3-BF4B-00C04F79EFBC}") = "Library", "Library\Library.csproj", "{19FE3F55-E5DB-4882-9B3D-3613D21599FE}"
EndProject
Project("{FAE04EC0-301F-11D3-BF4B-00C04F79EFBC}") = "Library.Tests", "Library.Tests\Library.Tests.csproj", "{C5207E8F-2DCC-45CA-8EC0-EB445521D245}"
EndProject
Project("{2150E333-8FDC-42A3-9474-1A3956D46DE8}") = "Solution Items", "Solution Items", "{06B5856A-6215-47C8-9AFE-42ACAFF3F624}"
	ProjectSection(SolutionItems) = preProject
		bower.json = bower.json
		gulpfile.js = gulpfile.js
	EndProjectSection
EndProject
Project("{FAE04EC0-301F-11D3-BF4B-00C04F79EFBC}") = "Library.Domain", "Library.Domain\Library.Domain.csproj", "{EC2AA457-3810-44D7-88F3-0648F84BC71C}"
EndProject
Project("{FAE04EC0-301F-11D3-BF4B-00C04F79EFBC}") = "Library.Domain.Tests", "Library.Domain.Tests\Library.Domain.Tests.csproj", "{1E1C00B2-3BB8-437A-B8AB-5CF69BBDE39B}"
EndProject
Project("{FAE04EC0-301F-11D3-BF4B-00C04F79EFBC}") = "Library.DataProviders", "Library.DataProviders\Library.DataProviders.csproj", "{E7719815-698F-4573-A8CE-1EEB04F6F98C}"
EndProject
Global
	GlobalSection(SolutionConfigurationPlatforms) = preSolution
		Debug|Any CPU = Debug|Any CPU
		Release|Any CPU = Release|Any CPU
	EndGlobalSection
	GlobalSection(ProjectConfigurationPlatforms) = postSolution
		{19FE3F55-E5DB-4882-9B3D-3613D21599FE}.Debug|Any CPU.ActiveCfg = Debug|Any CPU
		{19FE3F55-E5DB-4882-9B3D-3613D21599FE}.Debug|Any CPU.Build.0 = Debug|Any CPU
		{19FE3F55-E5DB-4882-9B3D-3613D21599FE}.Release|Any CPU.ActiveCfg = Release|Any CPU
		{19FE3F55-E5DB-4882-9B3D-3613D21599FE}.Release|Any CPU.Build.0 = Release|Any CPU
		{C5207E8F-2DCC-45CA-8EC0-EB445521D245}.Debug|Any CPU.ActiveCfg = Debug|Any CPU
		{C5207E8F-2DCC-45CA-8EC0-EB445521D245}.Debug|Any CPU.Build.0 = Debug|Any CPU
		{C5207E8F-2DCC-45CA-8EC0-EB445521D245}.Release|Any CPU.ActiveCfg = Release|Any CPU
		{C5207E8F-2DCC-45CA-8EC0-EB445521D245}.Release|Any CPU.Build.0 = Release|Any CPU
		{EC2AA457-3810-44D7-88F3-0648F84BC71C}.Debug|Any CPU.ActiveCfg = Debug|Any CPU
		{EC2AA457-3810-44D7-88F3-0648F84BC71C}.Debug|Any CPU.Build.0 = Debug|Any CPU
		{EC2AA457-3810-44D7-88F3-0648F84BC71C}.Release|Any CPU.ActiveCfg = Release|Any CPU
		{EC2AA457-3810-44D7-88F3-0648F84BC71C}.Release|Any CPU.Build.0 = Release|Any CPU
		{1E1C00B2-3BB8-437A-B8AB-5CF69BBDE39B}.Debug|Any CPU.ActiveCfg = Debug|Any CPU
		{1E1C00B2-3BB8-437A-B8AB-5CF69BBDE39B}.Debug|Any CPU.Build.0 = Debug|Any CPU
		{1E1C00B2-3BB8-437A-B8AB-5CF69BBDE39B}.Release|Any CPU.ActiveCfg = Release|Any CPU
		{1E1C00B2-3BB8-437A-B8AB-5CF69BBDE39B}.Release|Any CPU.Build.0 = Release|Any CPU
		{E7719815-698F-4573-A8CE-1EEB04F6F98C}.Debug|Any CPU.ActiveCfg = Debug|Any CPU
		{E7719815-698F-4573-A8CE-1EEB04F6F98C}.Debug|Any CPU.Build.0 = Debug|Any CPU
		{E7719815-698F-4573-A8CE-1EEB04F6F98C}.Release|Any CPU.ActiveCfg = Release|Any CPU
		{E7719815-698F-4573-A8CE-1EEB04F6F98C}.Release|Any CPU.Build.0 = Release|Any CPU
	EndGlobalSection
	GlobalSection(SolutionProperties) = preSolution
		HideSolutionNode = FALSE
	EndGlobalSection
EndGlobal
